# This file is automatically @generated by Cargo.
# It is not intended for manual editing.
version = 4

[[package]]
name = "block"
version = "0.1.0"
dependencies = [
 "ffi",
 "kcore",
]

[[package]]
name = "ffi"
version = "0.1.0"

[[package]]
name = "fs"
version = "0.1.0"
dependencies = [
 "block",
 "kcore",
]

[[package]]
name = "fs-fuzz"
version = "0.1.0"
dependencies = [
 "block",
 "ffi",
 "fs",
 "kcore",
]

[[package]]
name = "kcore"
version = "0.1.0"
dependencies = [
 "ffi",
]
