# This file is automatically @generated by Cargo.
# It is not intended for manual editing.
version = 4

[[package]]
name = "ffi"
version = "0.1.0"

[[package]]
name = "hello"
version = "0.1.0"
dependencies = [
 "kcore",
]

[[package]]
name = "kcore"
version = "0.1.0"
dependencies = [
 "ffi",
]

[[package]]
name = "kernel"
version = "0.1.0"
dependencies = [
 "ffi",
 "hello",
 "kcore",
 "nvme",
 "r8168",
]

[[package]]
name = "nvme"
version = "0.1.0"
dependencies = [
 "kcore",
]

[[package]]
name = "r8168"
version = "0.1.0"
dependencies = [
 "kcore",
]
